{
  "bin/coverage_branches:2666843168": [
    [55, 15, 4, "Security/Eval: The use of `eval` is a serious security risk.", 2087429787],
    [60, 15, 4, "Security/Eval: The use of `eval` is a serious security risk.", 2087429787]
  ],
  "lib/jsonc/merge/debug_logger.rb:2318713293": [
    [25, 7, 427, "Style/ClassMethodsDefinitions: Use `class << self` to define a class method.", 1045198384]
  ],
  "lib/jsonc/merge/file_analysis.rb:3258866530": [
    [44, 7, 280, "Style/ClassMethodsDefinitions: Use `class << self` to define a class method.", 1842388852]
  ],
  "spec/integration/conflict_resolver_spec.rb:2171752448": [
    [7, 16, 44, "RSpec/DescribeClass: The first argument to describe should be the class or module being tested.", 3867810376]
  ],
  "spec/integration/file_analysis_spec.rb:1495029216": [
    [5, 16, 40, "RSpec/DescribeClass: The first argument to describe should be the class or module being tested.", 2733034444]
  ],
  "spec/integration/smart_merger_spec.rb:1835161790": [
    [7, 16, 39, "RSpec/DescribeClass: The first argument to describe should be the class or module being tested.", 2315101291]
  ],
  "spec/jsonc/merge/emitter_spec.rb:1478382494": [
    [142, 3, 437, "RSpec/RepeatedExampleGroupDescription: Repeated describe block description on line(s) [415]", 2169523705],
    [415, 3, 396, "RSpec/RepeatedExampleGroupDescription: Repeated describe block description on line(s) [142]", 3289377453]
  ],
  "spec/jsonc/merge/node_wrapper_spec.rb:1111745413": [
    [694, 41, 25, "RSpec/DescribedClass: Use `described_class` instead of `Jsonc::Merge::NodeWrapper`.", 1133137493]
  ],
  "spec/jsonc/version_spec.rb:4132792848": [
    [3, 1, 36, "RSpec/SpecFilePathFormat: Spec path should end with `jsonc/merge/version*_spec.rb`.", 2669198952]
  ]
}
